
Microsoft Visual Studio Solution File, Format Version 12.00
# Visual Studio Version 17
VisualStudioVersion = 17.9.34714.143
MinimumVisualStudioVersion = 10.0.40219.1
Project("{FAE04EC0-301F-11D3-BF4B-00C04F79EFBC}") = "EvoApp", "EvoApp\EvoApp.csproj", "{542461E6-7357-46F9-96D1-B7776A0F185D}"
EndProject
Global
	GlobalSection(SolutionConfigurationPlatforms) = preSolution
		Debug|Any CPU = Debug|Any CPU
		Release|Any CPU = Release|Any CPU
	EndGlobalSection
	GlobalSection(ProjectConfigurationPlatforms) = postSolution
		{542461E6-7357-46F9-96D1-B7776A0F185D}.Debug|Any CPU.ActiveCfg = Debug|Any CPU
		{542461E6-7357-46F9-96D1-B7776A0F185D}.Debug|Any CPU.Build.0 = Debug|Any CPU
		{542461E6-7357-46F9-96D1-B7776A0F185D}.Release|Any CPU.ActiveCfg = Release|Any CPU
		{542461E6-7357-46F9-96D1-B7776A0F185D}.Release|Any CPU.Build.0 = Release|Any CPU
	EndGlobalSection
	GlobalSection(SolutionProperties) = preSolution
		HideSolutionNode = FALSE
	EndGlobalSection
	GlobalSection(ExtensibilityGlobals) = postSolution
		SolutionGuid = {42C2C4CC-27C2-4047-A949-C85D2588360D}
	EndGlobalSection
EndGlobal
